// !$*UTF8*$!
{
	archiveVersion = 1;
	classes = {
	};
	objectVersion = 50;
	objects = {

/* Begin PBXBuildFile section */
		A60C9B7926C5B8EE001021D7 /* FileManagerApp.swift in Sources */ = {isa = PBXBuildFile; fileRef = A60C9B7826C5B8EE001021D7 /* FileManagerApp.swift */; };
		A60C9B8026C5B8EF001021D7 /* Preview Assets.xcassets in Resources */ = {isa = PBXBuildFile; fileRef = A60C9B7F26C5B8EE001021D7 /* Preview Assets.xcassets */; };
		A60C9B8B26C5B8EF001021D7 /* FileManagerTests.swift in Sources */ = {isa = PBXBuildFile; fileRef = A60C9B8A26C5B8EF001021D7 /* FileManagerTests.swift */; };
		A60C9B9626C5B8EF001021D7 /* FileManagerUITests.swift in Sources */ = {isa = PBXBuildFile; fileRef = A60C9B9526C5B8EF001021D7 /* FileManagerUITests.swift */; };
		A60C9BAB26C5B938001021D7 /* FileView.swift in Sources */ = {isa = PBXBuildFile; fileRef = A60C9BA426C5B937001021D7 /* FileView.swift */; };
		A60C9BAC26C5B938001021D7 /* WelcomeView.swift in Sources */ = {isa = PBXBuildFile; fileRef = A60C9BA526C5B937001021D7 /* WelcomeView.swift */; };
		A60C9BAD26C5B938001021D7 /* Filegrid.swift in Sources */ = {isa = PBXBuildFile; fileRef = A60C9BA626C5B937001021D7 /* Filegrid.swift */; };
		A60C9BAE26C5B938001021D7 /* FileManagerView.swift in Sources */ = {isa = PBXBuildFile; fileRef = A60C9BA726C5B937001021D7 /* FileManagerView.swift */; };
		A60C9BB026C5B938001021D7 /* FileManagerLogoView.swift in Sources */ = {isa = PBXBuildFile; fileRef = A60C9BA926C5B937001021D7 /* FileManagerLogoView.swift */; };
		A60C9BB126C5B938001021D7 /* FolderView.swift in Sources */ = {isa = PBXBuildFile; fileRef = A60C9BAA26C5B937001021D7 /* FolderView.swift */; };
		A60C9BB326C5BADA001021D7 /* FIleManageLogo.png in Resources */ = {isa = PBXBuildFile; fileRef = A60C9BB226C5BADA001021D7 /* FIleManageLogo.png */; };
		A60C9BB526C5BB3D001021D7 /* ColorManager.swift in Sources */ = {isa = PBXBuildFile; fileRef = A60C9BB426C5BB3D001021D7 /* ColorManager.swift */; };
		A60C9BBB26C5BF5C001021D7 /* Assets.xcassets in Resources */ = {isa = PBXBuildFile; fileRef = A60C9BBA26C5BF5C001021D7 /* Assets.xcassets */; };
		A60C9BBD26C5DBCE001021D7 /* ErrorView.swift in Sources */ = {isa = PBXBuildFile; fileRef = A60C9BBC26C5DBCE001021D7 /* ErrorView.swift */; };
		A60C9BBF26C5DD44001021D7 /* FileDetails.swift in Sources */ = {isa = PBXBuildFile; fileRef = A60C9BBE26C5DD44001021D7 /* FileDetails.swift */; };
		A60C9BC226C5E4AC001021D7 /* FolderEntries.swift in Sources */ = {isa = PBXBuildFile; fileRef = A60C9BC126C5E4AC001021D7 /* FolderEntries.swift */; };
		A60C9BDB26C5EF20001021D7 /* Document.swift in Sources */ = {isa = PBXBuildFile; fileRef = A60C9BDA26C5EF20001021D7 /* Document.swift */; };
/* End PBXBuildFile section */

/* Begin PBXContainerItemProxy section */
		A60C9B8726C5B8EF001021D7 /* PBXContainerItemProxy */ = {
			isa = PBXContainerItemProxy;
			containerPortal = A60C9B6D26C5B8EE001021D7 /* Project object */;
			proxyType = 1;
			remoteGlobalIDString = A60C9B7426C5B8EE001021D7;
			remoteInfo = FileManager;
		};
		A60C9B9226C5B8EF001021D7 /* PBXContainerItemProxy */ = {
			isa = PBXContainerItemProxy;
			containerPortal = A60C9B6D26C5B8EE001021D7 /* Project object */;
			proxyType = 1;
			remoteGlobalIDString = A60C9B7426C5B8EE001021D7;
			remoteInfo = FileManager;
		};
/* End PBXContainerItemProxy section */

/* Begin PBXFileReference section */
		A60C9B7526C5B8EE001021D7 /* FileManager.app */ = {isa = PBXFileReference; explicitFileType = wrapper.application; includeInIndex = 0; path = FileManager.app; sourceTree = BUILT_PRODUCTS_DIR; };
		A60C9B7826C5B8EE001021D7 /* FileManagerApp.swift */ = {isa = PBXFileReference; lastKnownFileType = sourcecode.swift; path = FileManagerApp.swift; sourceTree = "<group>"; };
		A60C9B7F26C5B8EE001021D7 /* Preview Assets.xcassets */ = {isa = PBXFileReference; lastKnownFileType = folder.assetcatalog; path = "Preview Assets.xcassets"; sourceTree = "<group>"; };
		A60C9B8126C5B8EF001021D7 /* Info.plist */ = {isa = PBXFileReference; lastKnownFileType = text.plist.xml; path = Info.plist; sourceTree = "<group>"; };
		A60C9B8626C5B8EF001021D7 /* FileManagerTests.xctest */ = {isa = PBXFileReference; explicitFileType = wrapper.cfbundle; includeInIndex = 0; path = FileManagerTests.xctest; sourceTree = BUILT_PRODUCTS_DIR; };
		A60C9B8A26C5B8EF001021D7 /* FileManagerTests.swift */ = {isa = PBXFileReference; lastKnownFileType = sourcecode.swift; path = FileManagerTests.swift; sourceTree = "<group>"; };
		A60C9B8C26C5B8EF001021D7 /* Info.plist */ = {isa = PBXFileReference; lastKnownFileType = text.plist.xml; path = Info.plist; sourceTree = "<group>"; };
		A60C9B9126C5B8EF001021D7 /* FileManagerUITests.xctest */ = {isa = PBXFileReference; explicitFileType = wrapper.cfbundle; includeInIndex = 0; path = FileManagerUITests.xctest; sourceTree = BUILT_PRODUCTS_DIR; };
		A60C9B9526C5B8EF001021D7 /* FileManagerUITests.swift */ = {isa = PBXFileReference; lastKnownFileType = sourcecode.swift; path = FileManagerUITests.swift; sourceTree = "<group>"; };
		A60C9B9726C5B8EF001021D7 /* Info.plist */ = {isa = PBXFileReference; lastKnownFileType = text.plist.xml; path = Info.plist; sourceTree = "<group>"; };
		A60C9BA426C5B937001021D7 /* FileView.swift */ = {isa = PBXFileReference; fileEncoding = 4; lastKnownFileType = sourcecode.swift; path = FileView.swift; sourceTree = "<group>"; };
		A60C9BA526C5B937001021D7 /* WelcomeView.swift */ = {isa = PBXFileReference; fileEncoding = 4; lastKnownFileType = sourcecode.swift; path = WelcomeView.swift; sourceTree = "<group>"; };
		A60C9BA626C5B937001021D7 /* Filegrid.swift */ = {isa = PBXFileReference; fileEncoding = 4; lastKnownFileType = sourcecode.swift; path = Filegrid.swift; sourceTree = "<group>"; };
		A60C9BA726C5B937001021D7 /* FileManagerView.swift */ = {isa = PBXFileReference; fileEncoding = 4; lastKnownFileType = sourcecode.swift; path = FileManagerView.swift; sourceTree = "<group>"; };
		A60C9BA926C5B937001021D7 /* FileManagerLogoView.swift */ = {isa = PBXFileReference; fileEncoding = 4; lastKnownFileType = sourcecode.swift; path = FileManagerLogoView.swift; sourceTree = "<group>"; };
		A60C9BAA26C5B937001021D7 /* FolderView.swift */ = {isa = PBXFileReference; fileEncoding = 4; lastKnownFileType = sourcecode.swift; path = FolderView.swift; sourceTree = "<group>"; };
		A60C9BB226C5BADA001021D7 /* FIleManageLogo.png */ = {isa = PBXFileReference; lastKnownFileType = image.png; name = FIleManageLogo.png; path = Assets.xcassets/FIleManageLogo.png; sourceTree = "<group>"; };
		A60C9BB426C5BB3D001021D7 /* ColorManager.swift */ = {isa = PBXFileReference; fileEncoding = 4; lastKnownFileType = sourcecode.swift; path = ColorManager.swift; sourceTree = "<group>"; };
		A60C9BBA26C5BF5C001021D7 /* Assets.xcassets */ = {isa = PBXFileReference; lastKnownFileType = folder.assetcatalog; path = Assets.xcassets; sourceTree = "<group>"; };
		A60C9BBC26C5DBCE001021D7 /* ErrorView.swift */ = {isa = PBXFileReference; lastKnownFileType = sourcecode.swift; path = ErrorView.swift; sourceTree = "<group>"; };
		A60C9BBE26C5DD44001021D7 /* FileDetails.swift */ = {isa = PBXFileReference; lastKnownFileType = sourcecode.swift; path = FileDetails.swift; sourceTree = "<group>"; };
		A60C9BC126C5E4AC001021D7 /* FolderEntries.swift */ = {isa = PBXFileReference; lastKnownFileType = sourcecode.swift; path = FolderEntries.swift; sourceTree = "<group>"; };
		A60C9BDA26C5EF20001021D7 /* Document.swift */ = {isa = PBXFileReference; fileEncoding = 4; lastKnownFileType = sourcecode.swift; path = Document.swift; sourceTree = "<group>"; };
/* End PBXFileReference section */

/* Begin PBXFrameworksBuildPhase section */
		A60C9B7226C5B8EE001021D7 /* Frameworks */ = {
			isa = PBXFrameworksBuildPhase;
			buildActionMask = 2147483647;
			files = (
			);
			runOnlyForDeploymentPostprocessing = 0;
		};
		A60C9B8326C5B8EF001021D7 /* Frameworks */ = {
			isa = PBXFrameworksBuildPhase;
			buildActionMask = 2147483647;
			files = (
			);
			runOnlyForDeploymentPostprocessing = 0;
		};
		A60C9B8E26C5B8EF001021D7 /* Frameworks */ = {
			isa = PBXFrameworksBuildPhase;
			buildActionMask = 2147483647;
			files = (
			);
			runOnlyForDeploymentPostprocessing = 0;
		};
/* End PBXFrameworksBuildPhase section */

/* Begin PBXGroup section */
		A60C9B6C26C5B8EE001021D7 = {
			isa = PBXGroup;
			children = (
				A60C9B7726C5B8EE001021D7 /* FileManager */,
				A60C9B8926C5B8EF001021D7 /* FileManagerTests */,
				A60C9B9426C5B8EF001021D7 /* FileManagerUITests */,
				A60C9B7626C5B8EE001021D7 /* Products */,
			);
			sourceTree = "<group>";
		};
		A60C9B7626C5B8EE001021D7 /* Products */ = {
			isa = PBXGroup;
			children = (
				A60C9B7526C5B8EE001021D7 /* FileManager.app */,
				A60C9B8626C5B8EF001021D7 /* FileManagerTests.xctest */,
				A60C9B9126C5B8EF001021D7 /* FileManagerUITests.xctest */,
			);
			name = Products;
			sourceTree = "<group>";
		};
		A60C9B7726C5B8EE001021D7 /* FileManager */ = {
			isa = PBXGroup;
			children = (
				A60C9BD926C5EF20001021D7 /* Models */,
				A60C9BBA26C5BF5C001021D7 /* Assets.xcassets */,
				A60C9BB426C5BB3D001021D7 /* ColorManager.swift */,
				A60C9BA326C5B937001021D7 /* Views */,
				A60C9B7826C5B8EE001021D7 /* FileManagerApp.swift */,
				A60C9BB226C5BADA001021D7 /* FIleManageLogo.png */,
				A60C9B8126C5B8EF001021D7 /* Info.plist */,
				A60C9B7E26C5B8EE001021D7 /* Preview Content */,
			);
			path = FileManager;
			sourceTree = "<group>";
		};
		A60C9B7E26C5B8EE001021D7 /* Preview Content */ = {
			isa = PBXGroup;
			children = (
				A60C9B7F26C5B8EE001021D7 /* Preview Assets.xcassets */,
			);
			path = "Preview Content";
			sourceTree = "<group>";
		};
		A60C9B8926C5B8EF001021D7 /* FileManagerTests */ = {
			isa = PBXGroup;
			children = (
				A60C9B8A26C5B8EF001021D7 /* FileManagerTests.swift */,
				A60C9B8C26C5B8EF001021D7 /* Info.plist */,
			);
			path = FileManagerTests;
			sourceTree = "<group>";
		};
		A60C9B9426C5B8EF001021D7 /* FileManagerUITests */ = {
			isa = PBXGroup;
			children = (
				A60C9B9526C5B8EF001021D7 /* FileManagerUITests.swift */,
				A60C9B9726C5B8EF001021D7 /* Info.plist */,
			);
			path = FileManagerUITests;
			sourceTree = "<group>";
		};
		A60C9BA326C5B937001021D7 /* Views */ = {
			isa = PBXGroup;
			children = (
				A60C9BA426C5B937001021D7 /* FileView.swift */,
				A60C9BA526C5B937001021D7 /* WelcomeView.swift */,
				A60C9BA626C5B937001021D7 /* Filegrid.swift */,
				A60C9BA726C5B937001021D7 /* FileManagerView.swift */,
				A60C9BA926C5B937001021D7 /* FileManagerLogoView.swift */,
				A60C9BAA26C5B937001021D7 /* FolderView.swift */,
				A60C9BBC26C5DBCE001021D7 /* ErrorView.swift */,
				A60C9BBE26C5DD44001021D7 /* FileDetails.swift */,
				A60C9BC126C5E4AC001021D7 /* FolderEntries.swift */,
			);
			path = Views;
			sourceTree = "<group>";
		};
		A60C9BD926C5EF20001021D7 /* Models */ = {
			isa = PBXGroup;
			children = (
				A60C9BDA26C5EF20001021D7 /* Document.swift */,
			);
			path = Models;
			sourceTree = "<group>";
		};
/* End PBXGroup section */

/* Begin PBXNativeTarget section */
		A60C9B7426C5B8EE001021D7 /* FileManager */ = {
			isa = PBXNativeTarget;
			buildConfigurationList = A60C9B9A26C5B8EF001021D7 /* Build configuration list for PBXNativeTarget "FileManager" */;
			buildPhases = (
				A60C9B7126C5B8EE001021D7 /* Sources */,
				A60C9B7226C5B8EE001021D7 /* Frameworks */,
				A60C9B7326C5B8EE001021D7 /* Resources */,
			);
			buildRules = (
			);
			dependencies = (
			);
			name = FileManager;
			productName = FileManager;
			productReference = A60C9B7526C5B8EE001021D7 /* FileManager.app */;
			productType = "com.apple.product-type.application";
		};
		A60C9B8526C5B8EF001021D7 /* FileManagerTests */ = {
			isa = PBXNativeTarget;
			buildConfigurationList = A60C9B9D26C5B8EF001021D7 /* Build configuration list for PBXNativeTarget "FileManagerTests" */;
			buildPhases = (
				A60C9B8226C5B8EF001021D7 /* Sources */,
				A60C9B8326C5B8EF001021D7 /* Frameworks */,
				A60C9B8426C5B8EF001021D7 /* Resources */,
			);
			buildRules = (
			);
			dependencies = (
				A60C9B8826C5B8EF001021D7 /* PBXTargetDependency */,
			);
			name = FileManagerTests;
			productName = FileManagerTests;
			productReference = A60C9B8626C5B8EF001021D7 /* FileManagerTests.xctest */;
			productType = "com.apple.product-type.bundle.unit-test";
		};
		A60C9B9026C5B8EF001021D7 /* FileManagerUITests */ = {
			isa = PBXNativeTarget;
			buildConfigurationList = A60C9BA026C5B8EF001021D7 /* Build configuration list for PBXNativeTarget "FileManagerUITests" */;
			buildPhases = (
				A60C9B8D26C5B8EF001021D7 /* Sources */,
				A60C9B8E26C5B8EF001021D7 /* Frameworks */,
				A60C9B8F26C5B8EF001021D7 /* Resources */,
			);
			buildRules = (
			);
			dependencies = (
				A60C9B9326C5B8EF001021D7 /* PBXTargetDependency */,
			);
			name = FileManagerUITests;
			productName = FileManagerUITests;
			productReference = A60C9B9126C5B8EF001021D7 /* FileManagerUITests.xctest */;
			productType = "com.apple.product-type.bundle.ui-testing";
		};
/* End PBXNativeTarget section */

/* Begin PBXProject section */
		A60C9B6D26C5B8EE001021D7 /* Project object */ = {
			isa = PBXProject;
			attributes = {
				LastSwiftUpdateCheck = 1250;
				LastUpgradeCheck = 1250;
				TargetAttributes = {
					A60C9B7426C5B8EE001021D7 = {
						CreatedOnToolsVersion = 12.5.1;
					};
					A60C9B8526C5B8EF001021D7 = {
						CreatedOnToolsVersion = 12.5.1;
						TestTargetID = A60C9B7426C5B8EE001021D7;
					};
					A60C9B9026C5B8EF001021D7 = {
						CreatedOnToolsVersion = 12.5.1;
						TestTargetID = A60C9B7426C5B8EE001021D7;
					};
				};
			};
			buildConfigurationList = A60C9B7026C5B8EE001021D7 /* Build configuration list for PBXProject "FileManager" */;
			compatibilityVersion = "Xcode 9.3";
			developmentRegion = en;
			hasScannedForEncodings = 0;
			knownRegions = (
				en,
				Base,
			);
			mainGroup = A60C9B6C26C5B8EE001021D7;
			productRefGroup = A60C9B7626C5B8EE001021D7 /* Products */;
			projectDirPath = "";
			projectRoot = "";
			targets = (
				A60C9B7426C5B8EE001021D7 /* FileManager */,
				A60C9B8526C5B8EF001021D7 /* FileManagerTests */,
				A60C9B9026C5B8EF001021D7 /* FileManagerUITests */,
			);
		};
/* End PBXProject section */

/* Begin PBXResourcesBuildPhase section */
		A60C9B7326C5B8EE001021D7 /* Resources */ = {
			isa = PBXResourcesBuildPhase;
			buildActionMask = 2147483647;
			files = (
				A60C9B8026C5B8EF001021D7 /* Preview Assets.xcassets in Resources */,
				A60C9BBB26C5BF5C001021D7 /* Assets.xcassets in Resources */,
				A60C9BB326C5BADA001021D7 /* FIleManageLogo.png in Resources */,
			);
			runOnlyForDeploymentPostprocessing = 0;
		};
		A60C9B8426C5B8EF001021D7 /* Resources */ = {
			isa = PBXResourcesBuildPhase;
			buildActionMask = 2147483647;
			files = (
			);
			runOnlyForDeploymentPostprocessing = 0;
		};
		A60C9B8F26C5B8EF001021D7 /* Resources */ = {
			isa = PBXResourcesBuildPhase;
			buildActionMask = 2147483647;
			files = (
			);
			runOnlyForDeploymentPostprocessing = 0;
		};
/* End PBXResourcesBuildPhase section */

/* Begin PBXSourcesBuildPhase section */
		A60C9B7126C5B8EE001021D7 /* Sources */ = {
			isa = PBXSourcesBuildPhase;
			buildActionMask = 2147483647;
			files = (
				A60C9BAE26C5B938001021D7 /* FileManagerView.swift in Sources */,
				A60C9BAB26C5B938001021D7 /* FileView.swift in Sources */,
				A60C9BB026C5B938001021D7 /* FileManagerLogoView.swift in Sources */,
				A60C9B7926C5B8EE001021D7 /* FileManagerApp.swift in Sources */,
				A60C9BC226C5E4AC001021D7 /* FolderEntries.swift in Sources */,
				A60C9BAD26C5B938001021D7 /* Filegrid.swift in Sources */,
				A60C9BBD26C5DBCE001021D7 /* ErrorView.swift in Sources */,
				A60C9BB526C5BB3D001021D7 /* ColorManager.swift in Sources */,
				A60C9BDB26C5EF20001021D7 /* Document.swift in Sources */,
				A60C9BAC26C5B938001021D7 /* WelcomeView.swift in Sources */,
				A60C9BB126C5B938001021D7 /* FolderView.swift in Sources */,
				A60C9BBF26C5DD44001021D7 /* FileDetails.swift in Sources */,
			);
			runOnlyForDeploymentPostprocessing = 0;
		};
		A60C9B8226C5B8EF001021D7 /* Sources */ = {
			isa = PBXSourcesBuildPhase;
			buildActionMask = 2147483647;
			files = (
				A60C9B8B26C5B8EF001021D7 /* FileManagerTests.swift in Sources */,
			);
			runOnlyForDeploymentPostprocessing = 0;
		};
		A60C9B8D26C5B8EF001021D7 /* Sources */ = {
			isa = PBXSourcesBuildPhase;
			buildActionMask = 2147483647;
			files = (
				A60C9B9626C5B8EF001021D7 /* FileManagerUITests.swift in Sources */,
			);
			runOnlyForDeploymentPostprocessing = 0;
		};
/* End PBXSourcesBuildPhase section */

/* Begin PBXTargetDependency section */
		A60C9B8826C5B8EF001021D7 /* PBXTargetDependency */ = {
			isa = PBXTargetDependency;
			target = A60C9B7426C5B8EE001021D7 /* FileManager */;
			targetProxy = A60C9B8726C5B8EF001021D7 /* PBXContainerItemProxy */;
		};
		A60C9B9326C5B8EF001021D7 /* PBXTargetDependency */ = {
			isa = PBXTargetDependency;
			target = A60C9B7426C5B8EE001021D7 /* FileManager */;
			targetProxy = A60C9B9226C5B8EF001021D7 /* PBXContainerItemProxy */;
		};
/* End PBXTargetDependency section */

/* Begin XCBuildConfiguration section */
		A60C9B9826C5B8EF001021D7 /* Debug */ = {
			isa = XCBuildConfiguration;
			buildSettings = {
				ALWAYS_SEARCH_USER_PATHS = NO;
				CLANG_ANALYZER_NONNULL = YES;
				CLANG_ANALYZER_NUMBER_OBJECT_CONVERSION = YES_AGGRESSIVE;
				CLANG_CXX_LANGUAGE_STANDARD = "gnu++14";
				CLANG_CXX_LIBRARY = "libc++";
				CLANG_ENABLE_MODULES = YES;
				CLANG_ENABLE_OBJC_ARC = YES;
				CLANG_ENABLE_OBJC_WEAK = YES;
				CLANG_WARN_BLOCK_CAPTURE_AUTORELEASING = YES;
				CLANG_WARN_BOOL_CONVERSION = YES;
				CLANG_WARN_COMMA = YES;
				CLANG_WARN_CONSTANT_CONVERSION = YES;
				CLANG_WARN_DEPRECATED_OBJC_IMPLEMENTATIONS = YES;
				CLANG_WARN_DIRECT_OBJC_ISA_USAGE = YES_ERROR;
				CLANG_WARN_DOCUMENTATION_COMMENTS = YES;
				CLANG_WARN_EMPTY_BODY = YES;
				CLANG_WARN_ENUM_CONVERSION = YES;
				CLANG_WARN_INFINITE_RECURSION = YES;
				CLANG_WARN_INT_CONVERSION = YES;
				CLANG_WARN_NON_LITERAL_NULL_CONVERSION = YES;
				CLANG_WARN_OBJC_IMPLICIT_RETAIN_SELF = YES;
				CLANG_WARN_OBJC_LITERAL_CONVERSION = YES;
				CLANG_WARN_OBJC_ROOT_CLASS = YES_ERROR;
				CLANG_WARN_QUOTED_INCLUDE_IN_FRAMEWORK_HEADER = YES;
				CLANG_WARN_RANGE_LOOP_ANALYSIS = YES;
				CLANG_WARN_STRICT_PROTOTYPES = YES;
				CLANG_WARN_SUSPICIOUS_MOVE = YES;
				CLANG_WARN_UNGUARDED_AVAILABILITY = YES_AGGRESSIVE;
				CLANG_WARN_UNREACHABLE_CODE = YES;
				CLANG_WARN__DUPLICATE_METHOD_MATCH = YES;
				COPY_PHASE_STRIP = NO;
				DEBUG_INFORMATION_FORMAT = dwarf;
				ENABLE_STRICT_OBJC_MSGSEND = YES;
				ENABLE_TESTABILITY = YES;
				GCC_C_LANGUAGE_STANDARD = gnu11;
				GCC_DYNAMIC_NO_PIC = NO;
				GCC_NO_COMMON_BLOCKS = YES;
				GCC_OPTIMIZATION_LEVEL = 0;
				GCC_PREPROCESSOR_DEFINITIONS = (
					"DEBUG=1",
					"$(inherited)",
				);
				GCC_WARN_64_TO_32_BIT_CONVERSION = YES;
				GCC_WARN_ABOUT_RETURN_TYPE = YES_ERROR;
				GCC_WARN_UNDECLARED_SELECTOR = YES;
				GCC_WARN_UNINITIALIZED_AUTOS = YES_AGGRESSIVE;
				GCC_WARN_UNUSED_FUNCTION = YES;
				GCC_WARN_UNUSED_VARIABLE = YES;
				IPHONEOS_DEPLOYMENT_TARGET = 14.5;
				MTL_ENABLE_DEBUG_INFO = INCLUDE_SOURCE;
				MTL_FAST_MATH = YES;
				ONLY_ACTIVE_ARCH = YES;
				SDKROOT = iphoneos;
				SWIFT_ACTIVE_COMPILATION_CONDITIONS = DEBUG;
				SWIFT_OPTIMIZATION_LEVEL = "-Onone";
			};
			name = Debug;
		};
		A60C9B9926C5B8EF001021D7 /* Release */ = {
			isa = XCBuildConfiguration;
			buildSettings = {
				ALWAYS_SEARCH_USER_PATHS = NO;
				CLANG_ANALYZER_NONNULL = YES;
				CLANG_ANALYZER_NUMBER_OBJECT_CONVERSION = YES_AGGRESSIVE;
				CLANG_CXX_LANGUAGE_STANDARD = "gnu++14";
				CLANG_CXX_LIBRARY = "libc++";
				CLANG_ENABLE_MODULES = YES;
				CLANG_ENABLE_OBJC_ARC = YES;
				CLANG_ENABLE_OBJC_WEAK = YES;
				CLANG_WARN_BLOCK_CAPTURE_AUTORELEASING = YES;
				CLANG_WARN_BOOL_CONVERSION = YES;
				CLANG_WARN_COMMA = YES;
				CLANG_WARN_CONSTANT_CONVERSION = YES;
				CLANG_WARN_DEPRECATED_OBJC_IMPLEMENTATIONS = YES;
				CLANG_WARN_DIRECT_OBJC_ISA_USAGE = YES_ERROR;
				CLANG_WARN_DOCUMENTATION_COMMENTS = YES;
				CLANG_WARN_EMPTY_BODY = YES;
				CLANG_WARN_ENUM_CONVERSION = YES;
				CLANG_WARN_INFINITE_RECURSION = YES;
				CLANG_WARN_INT_CONVERSION = YES;
				CLANG_WARN_NON_LITERAL_NULL_CONVERSION = YES;
				CLANG_WARN_OBJC_IMPLICIT_RETAIN_SELF = YES;
				CLANG_WARN_OBJC_LITERAL_CONVERSION = YES;
				CLANG_WARN_OBJC_ROOT_CLASS = YES_ERROR;
				CLANG_WARN_QUOTED_INCLUDE_IN_FRAMEWORK_HEADER = YES;
				CLANG_WARN_RANGE_LOOP_ANALYSIS = YES;
				CLANG_WARN_STRICT_PROTOTYPES = YES;
				CLANG_WARN_SUSPICIOUS_MOVE = YES;
				CLANG_WARN_UNGUARDED_AVAILABILITY = YES_AGGRESSIVE;
				CLANG_WARN_UNREACHABLE_CODE = YES;
				CLANG_WARN__DUPLICATE_METHOD_MATCH = YES;
				COPY_PHASE_STRIP = NO;
				DEBUG_INFORMATION_FORMAT = "dwarf-with-dsym";
				ENABLE_NS_ASSERTIONS = NO;
				ENABLE_STRICT_OBJC_MSGSEND = YES;
				GCC_C_LANGUAGE_STANDARD = gnu11;
				GCC_NO_COMMON_BLOCKS = YES;
				GCC_WARN_64_TO_32_BIT_CONVERSION = YES;
				GCC_WARN_ABOUT_RETURN_TYPE = YES_ERROR;
				GCC_WARN_UNDECLARED_SELECTOR = YES;
				GCC_WARN_UNINITIALIZED_AUTOS = YES_AGGRESSIVE;
				GCC_WARN_UNUSED_FUNCTION = YES;
				GCC_WARN_UNUSED_VARIABLE = YES;
				IPHONEOS_DEPLOYMENT_TARGET = 14.5;
				MTL_ENABLE_DEBUG_INFO = NO;
				MTL_FAST_MATH = YES;
				SDKROOT = iphoneos;
				SWIFT_COMPILATION_MODE = wholemodule;
				SWIFT_OPTIMIZATION_LEVEL = "-O";
				VALIDATE_PRODUCT = YES;
			};
			name = Release;
		};
		A60C9B9B26C5B8EF001021D7 /* Debug */ = {
			isa = XCBuildConfiguration;
			buildSettings = {
				ASSETCATALOG_COMPILER_GLOBAL_ACCENT_COLOR_NAME = AccentColor;
				CODE_SIGN_STYLE = Automatic;
				DEVELOPMENT_ASSET_PATHS = "\"FileManager/Preview Content\"";
				DEVELOPMENT_TEAM = 9QYS7FT9FK;
				ENABLE_PREVIEWS = YES;
				INFOPLIST_FILE = FileManager/Info.plist;
				IPHONEOS_DEPLOYMENT_TARGET = 14.0;
				LD_RUNPATH_SEARCH_PATHS = (
					"$(inherited)",
					"@executable_path/Frameworks",
				);
				PRODUCT_BUNDLE_IDENTIFIER = com.gatewai.FileManager;
				PRODUCT_NAME = "$(TARGET_NAME)";
				SWIFT_VERSION = 5.0;
				TARGETED_DEVICE_FAMILY = "1,2";
			};
			name = Debug;
		};
		A60C9B9C26C5B8EF001021D7 /* Release */ = {
			isa = XCBuildConfiguration;
			buildSettings = {
				ASSETCATALOG_COMPILER_GLOBAL_ACCENT_COLOR_NAME = AccentColor;
				CODE_SIGN_STYLE = Automatic;
				DEVELOPMENT_ASSET_PATHS = "\"FileManager/Preview Content\"";
				DEVELOPMENT_TEAM = 9QYS7FT9FK;
				ENABLE_PREVIEWS = YES;
				INFOPLIST_FILE = FileManager/Info.plist;
				IPHONEOS_DEPLOYMENT_TARGET = 14.0;
				LD_RUNPATH_SEARCH_PATHS = (
					"$(inherited)",
					"@executable_path/Frameworks",
				);
				PRODUCT_BUNDLE_IDENTIFIER = com.gatewai.FileManager;
				PRODUCT_NAME = "$(TARGET_NAME)";
				SWIFT_VERSION = 5.0;
				TARGETED_DEVICE_FAMILY = "1,2";
			};
			name = Release;
		};
		A60C9B9E26C5B8EF001021D7 /* Debug */ = {
			isa = XCBuildConfiguration;
			buildSettings = {
				ALWAYS_EMBED_SWIFT_STANDARD_LIBRARIES = YES;
				BUNDLE_LOADER = "$(TEST_HOST)";
				CODE_SIGN_STYLE = Automatic;
				DEVELOPMENT_TEAM = 9QYS7FT9FK;
				INFOPLIST_FILE = FileManagerTests/Info.plist;
				IPHONEOS_DEPLOYMENT_TARGET = 14.0;
				LD_RUNPATH_SEARCH_PATHS = (
					"$(inherited)",
					"@executable_path/Frameworks",
					"@loader_path/Frameworks",
				);
				PRODUCT_BUNDLE_IDENTIFIER = com.gatewai.FileManagerTests;
				PRODUCT_NAME = "$(TARGET_NAME)";
				SWIFT_VERSION = 5.0;
				TARGETED_DEVICE_FAMILY = "1,2";
				TEST_HOST = "$(BUILT_PRODUCTS_DIR)/FileManager.app/FileManager";
			};
			name = Debug;
		};
		A60C9B9F26C5B8EF001021D7 /* Release */ = {
			isa = XCBuildConfiguration;
			buildSettings = {
				ALWAYS_EMBED_SWIFT_STANDARD_LIBRARIES = YES;
				BUNDLE_LOADER = "$(TEST_HOST)";
				CODE_SIGN_STYLE = Automatic;
				DEVELOPMENT_TEAM = 9QYS7FT9FK;
				INFOPLIST_FILE = FileManagerTests/Info.plist;
				IPHONEOS_DEPLOYMENT_TARGET = 14.0;
				LD_RUNPATH_SEARCH_PATHS = (
					"$(inherited)",
					"@executable_path/Frameworks",
					"@loader_path/Frameworks",
				);
				PRODUCT_BUNDLE_IDENTIFIER = com.gatewai.FileManagerTests;
				PRODUCT_NAME = "$(TARGET_NAME)";
				SWIFT_VERSION = 5.0;
				TARGETED_DEVICE_FAMILY = "1,2";
				TEST_HOST = "$(BUILT_PRODUCTS_DIR)/FileManager.app/FileManager";
			};
			name = Release;
		};
		A60C9BA126C5B8EF001021D7 /* Debug */ = {
			isa = XCBuildConfiguration;
			buildSettings = {
				ALWAYS_EMBED_SWIFT_STANDARD_LIBRARIES = YES;
				CODE_SIGN_STYLE = Automatic;
				DEVELOPMENT_TEAM = 9QYS7FT9FK;
				INFOPLIST_FILE = FileManagerUITests/Info.plist;
				LD_RUNPATH_SEARCH_PATHS = (
					"$(inherited)",
					"@executable_path/Frameworks",
					"@loader_path/Frameworks",
				);
				PRODUCT_BUNDLE_IDENTIFIER = com.gatewai.FileManagerUITests;
				PRODUCT_NAME = "$(TARGET_NAME)";
				SWIFT_VERSION = 5.0;
				TARGETED_DEVICE_FAMILY = "1,2";
				TEST_TARGET_NAME = FileManager;
			};
			name = Debug;
		};
		A60C9BA226C5B8EF001021D7 /* Release */ = {
			isa = XCBuildConfiguration;
			buildSettings = {
				ALWAYS_EMBED_SWIFT_STANDARD_LIBRARIES = YES;
				CODE_SIGN_STYLE = Automatic;
				DEVELOPMENT_TEAM = 9QYS7FT9FK;
				INFOPLIST_FILE = FileManagerUITests/Info.plist;
				LD_RUNPATH_SEARCH_PATHS = (
					"$(inherited)",
					"@executable_path/Frameworks",
					"@loader_path/Frameworks",
				);
				PRODUCT_BUNDLE_IDENTIFIER = com.gatewai.FileManagerUITests;
				PRODUCT_NAME = "$(TARGET_NAME)";
				SWIFT_VERSION = 5.0;
				TARGETED_DEVICE_FAMILY = "1,2";
				TEST_TARGET_NAME = FileManager;
			};
			name = Release;
		};
/* End XCBuildConfiguration section */

/* Begin XCConfigurationList section */
		A60C9B7026C5B8EE001021D7 /* Build configuration list for PBXProject "FileManager" */ = {
			isa = XCConfigurationList;
			buildConfigurations = (
				A60C9B9826C5B8EF001021D7 /* Debug */,
				A60C9B9926C5B8EF001021D7 /* Release */,
			);
			defaultConfigurationIsVisible = 0;
			defaultConfigurationName = Release;
		};
		A60C9B9A26C5B8EF001021D7 /* Build configuration list for PBXNativeTarget "FileManager" */ = {
			isa = XCConfigurationList;
			buildConfigurations = (
				A60C9B9B26C5B8EF001021D7 /* Debug */,
				A60C9B9C26C5B8EF001021D7 /* Release */,
			);
			defaultConfigurationIsVisible = 0;
			defaultConfigurationName = Release;
		};
		A60C9B9D26C5B8EF001021D7 /* Build configuration list for PBXNativeTarget "FileManagerTests" */ = {
			isa = XCConfigurationList;
			buildConfigurations = (
				A60C9B9E26C5B8EF001021D7 /* Debug */,
				A60C9B9F26C5B8EF001021D7 /* Release */,
			);
			defaultConfigurationIsVisible = 0;
			defaultConfigurationName = Release;
		};
		A60C9BA026C5B8EF001021D7 /* Build configuration list for PBXNativeTarget "FileManagerUITests" */ = {
			isa = XCConfigurationList;
			buildConfigurations = (
				A60C9BA126C5B8EF001021D7 /* Debug */,
				A60C9BA226C5B8EF001021D7 /* Release */,
			);
			defaultConfigurationIsVisible = 0;
			defaultConfigurationName = Release;
		};
/* End XCConfigurationList section */
	};
	rootObject = A60C9B6D26C5B8EE001021D7 /* Project object */;
}
